
Microsoft Visual Studio Solution File, Format Version 12.00
# Visual Studio Version 17
VisualStudioVersion = 17.11.35222.181
MinimumVisualStudioVersion = 10.0.40219.1
Project("{FAE04EC0-301F-11D3-BF4B-00C04F79EFBC}") = "ReactAuthApp.Server", "ReactAuthApp.Server\ReactAuthApp.Server.csproj", "{3937A4C6-1442-44C5-92E1-F968190CEF4E}"
EndProject
Project("{54A90642-561A-4BB1-A94E-469ADEE60C69}") = "reactauthapp.client", "reactauthapp.client\reactauthapp.client.esproj", "{9137E46D-8A5E-4EB5-83D9-AD9A4577B989}"
EndProject
Global
	GlobalSection(SolutionConfigurationPlatforms) = preSolution
		Debug|Any CPU = Debug|Any CPU
		Release|Any CPU = Release|Any CPU
	EndGlobalSection
	GlobalSection(ProjectConfigurationPlatforms) = postSolution
		{3937A4C6-1442-44C5-92E1-F968190CEF4E}.Debug|Any CPU.ActiveCfg = Debug|Any CPU
		{3937A4C6-1442-44C5-92E1-F968190CEF4E}.Debug|Any CPU.Build.0 = Debug|Any CPU
		{3937A4C6-1442-44C5-92E1-F968190CEF4E}.Release|Any CPU.ActiveCfg = Release|Any CPU
		{3937A4C6-1442-44C5-92E1-F968190CEF4E}.Release|Any CPU.Build.0 = Release|Any CPU
		{9137E46D-8A5E-4EB5-83D9-AD9A4577B989}.Debug|Any CPU.ActiveCfg = Debug|Any CPU
		{9137E46D-8A5E-4EB5-83D9-AD9A4577B989}.Debug|Any CPU.Build.0 = Debug|Any CPU
		{9137E46D-8A5E-4EB5-83D9-AD9A4577B989}.Debug|Any CPU.Deploy.0 = Debug|Any CPU
		{9137E46D-8A5E-4EB5-83D9-AD9A4577B989}.Release|Any CPU.ActiveCfg = Release|Any CPU
		{9137E46D-8A5E-4EB5-83D9-AD9A4577B989}.Release|Any CPU.Build.0 = Release|Any CPU
		{9137E46D-8A5E-4EB5-83D9-AD9A4577B989}.Release|Any CPU.Deploy.0 = Release|Any CPU
	EndGlobalSection
	GlobalSection(SolutionProperties) = preSolution
		HideSolutionNode = FALSE
	EndGlobalSection
	GlobalSection(ExtensibilityGlobals) = postSolution
		SolutionGuid = {5F74EE59-F592-4B47-BD52-C97921ECD312}
	EndGlobalSection
EndGlobal
